
Microsoft Visual Studio Solution File, Format Version 12.00
# Visual Studio Version 17
VisualStudioVersion = 17.9.34728.123
MinimumVisualStudioVersion = 10.0.40219.1
Project("{FAE04EC0-301F-11D3-BF4B-00C04F79EFBC}") = "TaskFilesAPI", "TaskFilesAPI\TaskFilesAPI.csproj", "{D2F75859-41EA-4C72-9AE3-5DFAA1E75E61}"
EndProject
Project("{FAE04EC0-301F-11D3-BF4B-00C04F79EFBC}") = "TaskFilesAPI.Contracts", "TaskFilesAPI.Contracts\TaskFilesAPI.Contracts.csproj", "{E3249A74-F87F-488B-940C-223F685F0398}"
EndProject
Project("{FAE04EC0-301F-11D3-BF4B-00C04F79EFBC}") = "TaskFilesAPI.DataAccess", "TaskFilesAPI.DataAccess\TaskFilesAPI.DataAccess.csproj", "{C64E39EE-A02F-4BB0-B779-1FD02688A913}"
EndProject
Global
	GlobalSection(SolutionConfigurationPlatforms) = preSolution
		Debug|Any CPU = Debug|Any CPU
		Release|Any CPU = Release|Any CPU
	EndGlobalSection
	GlobalSection(ProjectConfigurationPlatforms) = postSolution
		{D2F75859-41EA-4C72-9AE3-5DFAA1E75E61}.Debug|Any CPU.ActiveCfg = Debug|Any CPU
		{D2F75859-41EA-4C72-9AE3-5DFAA1E75E61}.Debug|Any CPU.Build.0 = Debug|Any CPU
		{D2F75859-41EA-4C72-9AE3-5DFAA1E75E61}.Release|Any CPU.ActiveCfg = Release|Any CPU
		{D2F75859-41EA-4C72-9AE3-5DFAA1E75E61}.Release|Any CPU.Build.0 = Release|Any CPU
		{E3249A74-F87F-488B-940C-223F685F0398}.Debug|Any CPU.ActiveCfg = Debug|Any CPU
		{E3249A74-F87F-488B-940C-223F685F0398}.Debug|Any CPU.Build.0 = Debug|Any CPU
		{E3249A74-F87F-488B-940C-223F685F0398}.Release|Any CPU.ActiveCfg = Release|Any CPU
		{E3249A74-F87F-488B-940C-223F685F0398}.Release|Any CPU.Build.0 = Release|Any CPU
		{C64E39EE-A02F-4BB0-B779-1FD02688A913}.Debug|Any CPU.ActiveCfg = Debug|Any CPU
		{C64E39EE-A02F-4BB0-B779-1FD02688A913}.Debug|Any CPU.Build.0 = Debug|Any CPU
		{C64E39EE-A02F-4BB0-B779-1FD02688A913}.Release|Any CPU.ActiveCfg = Release|Any CPU
		{C64E39EE-A02F-4BB0-B779-1FD02688A913}.Release|Any CPU.Build.0 = Release|Any CPU
	EndGlobalSection
	GlobalSection(SolutionProperties) = preSolution
		HideSolutionNode = FALSE
	EndGlobalSection
	GlobalSection(ExtensibilityGlobals) = postSolution
		SolutionGuid = {703A0488-9779-48F8-8CBE-DAD749DFEF4A}
	EndGlobalSection
EndGlobal
